// !$*UTF8*$!
{
	archiveVersion = 1;
	classes = {
	};
	objectVersion = 51;
	objects = {

/* Begin PBXBuildFile section */
		644F34F13B6C72A0549687AD /* Pods_Survey.framework in Frameworks */ = {isa = PBXBuildFile; fileRef = B349AD47D666DC5F36E8B078 /* Pods_Survey.framework */; };
		8C5B33215009378D9F0E4603 /* Pods_SurveyTests.framework in Frameworks */ = {isa = PBXBuildFile; fileRef = 244757FAF21625B61E9663FC /* Pods_SurveyTests.framework */; };
		9D17FF589C9EE924DE922F2D /* Pods_Survey_SurveyUITests.framework in Frameworks */ = {isa = PBXBuildFile; fileRef = 17A57AB871BF51DB6E84B3D7 /* Pods_Survey_SurveyUITests.framework */; };
		E8422DF1249E2EB3006E49DB /* AppDelegate.swift in Sources */ = {isa = PBXBuildFile; fileRef = E8422DF0249E2EB3006E49DB /* AppDelegate.swift */; };
		E8422DF3249E2EB3006E49DB /* SceneDelegate.swift in Sources */ = {isa = PBXBuildFile; fileRef = E8422DF2249E2EB3006E49DB /* SceneDelegate.swift */; };
		E8422DFA249E2EB8006E49DB /* Assets.xcassets in Resources */ = {isa = PBXBuildFile; fileRef = E8422DF9249E2EB8006E49DB /* Assets.xcassets */; };
		E8422DFD249E2EB8006E49DB /* LaunchScreen.storyboard in Resources */ = {isa = PBXBuildFile; fileRef = E8422DFB249E2EB8006E49DB /* LaunchScreen.storyboard */; };
		E8422E08249E2EB9006E49DB /* SurveyTests.swift in Sources */ = {isa = PBXBuildFile; fileRef = E8422E07249E2EB9006E49DB /* SurveyTests.swift */; };
		E8422E13249E2EB9006E49DB /* SurveyUITests.swift in Sources */ = {isa = PBXBuildFile; fileRef = E8422E12249E2EB9006E49DB /* SurveyUITests.swift */; };
		E8422E2124A099D4006E49DB /* Survey.storyboard in Resources */ = {isa = PBXBuildFile; fileRef = E8422E2024A099D4006E49DB /* Survey.storyboard */; };
		E8422E2B24A09DE3006E49DB /* SurveyViewController.swift in Sources */ = {isa = PBXBuildFile; fileRef = E8422E2A24A09DE3006E49DB /* SurveyViewController.swift */; };
		E8422E2D24A09E06006E49DB /* SurveyViewModel.swift in Sources */ = {isa = PBXBuildFile; fileRef = E8422E2C24A09E06006E49DB /* SurveyViewModel.swift */; };
		E8422E3024A0B242006E49DB /* WebserviceHandler.swift in Sources */ = {isa = PBXBuildFile; fileRef = E8422E2F24A0B242006E49DB /* WebserviceHandler.swift */; };
		E8422E3224A0C424006E49DB /* TokenKeychainWrapper.swift in Sources */ = {isa = PBXBuildFile; fileRef = E8422E3124A0C424006E49DB /* TokenKeychainWrapper.swift */; };
		E8422E3424A0C6A1006E49DB /* StringConstants.swift in Sources */ = {isa = PBXBuildFile; fileRef = E8422E3324A0C6A1006E49DB /* StringConstants.swift */; };
		E8422E3624A0DA0C006E49DB /* WebServiceUrls.swift in Sources */ = {isa = PBXBuildFile; fileRef = E8422E3524A0DA0C006E49DB /* WebServiceUrls.swift */; };
		E8422E3824A0DBF9006E49DB /* NetworkManager.swift in Sources */ = {isa = PBXBuildFile; fileRef = E8422E3724A0DBF9006E49DB /* NetworkManager.swift */; };
		E8422E3A24A0EC3E006E49DB /* AuthenticationTokenViewModel.swift in Sources */ = {isa = PBXBuildFile; fileRef = E8422E3924A0EC3E006E49DB /* AuthenticationTokenViewModel.swift */; };
		E8422E3C24A2363D006E49DB /* BaseViewController.swift in Sources */ = {isa = PBXBuildFile; fileRef = E8422E3B24A2363D006E49DB /* BaseViewController.swift */; };
		E8422E4124A3256E006E49DB /* AuthenticationTokenModel.swift in Sources */ = {isa = PBXBuildFile; fileRef = E8422E4024A3256E006E49DB /* AuthenticationTokenModel.swift */; };
/* End PBXBuildFile section */

/* Begin PBXContainerItemProxy section */
		E8422E04249E2EB9006E49DB /* PBXContainerItemProxy */ = {
			isa = PBXContainerItemProxy;
			containerPortal = E8422DE5249E2EB3006E49DB /* Project object */;
			proxyType = 1;
			remoteGlobalIDString = E8422DEC249E2EB3006E49DB;
			remoteInfo = Survey;
		};
		E8422E0F249E2EB9006E49DB /* PBXContainerItemProxy */ = {
			isa = PBXContainerItemProxy;
			containerPortal = E8422DE5249E2EB3006E49DB /* Project object */;
			proxyType = 1;
			remoteGlobalIDString = E8422DEC249E2EB3006E49DB;
			remoteInfo = Survey;
		};
/* End PBXContainerItemProxy section */

/* Begin PBXFileReference section */
		17A57AB871BF51DB6E84B3D7 /* Pods_Survey_SurveyUITests.framework */ = {isa = PBXFileReference; explicitFileType = wrapper.framework; includeInIndex = 0; path = Pods_Survey_SurveyUITests.framework; sourceTree = BUILT_PRODUCTS_DIR; };
		244757FAF21625B61E9663FC /* Pods_SurveyTests.framework */ = {isa = PBXFileReference; explicitFileType = wrapper.framework; includeInIndex = 0; path = Pods_SurveyTests.framework; sourceTree = BUILT_PRODUCTS_DIR; };
		25FDFF87E9C05F5DCD99B422 /* Pods-Survey-SurveyUITests.debug.xcconfig */ = {isa = PBXFileReference; includeInIndex = 1; lastKnownFileType = text.xcconfig; name = "Pods-Survey-SurveyUITests.debug.xcconfig"; path = "Target Support Files/Pods-Survey-SurveyUITests/Pods-Survey-SurveyUITests.debug.xcconfig"; sourceTree = "<group>"; };
		47C99E793C5D92CB6F946362 /* Pods-Survey.debug.xcconfig */ = {isa = PBXFileReference; includeInIndex = 1; lastKnownFileType = text.xcconfig; name = "Pods-Survey.debug.xcconfig"; path = "Target Support Files/Pods-Survey/Pods-Survey.debug.xcconfig"; sourceTree = "<group>"; };
		B349AD47D666DC5F36E8B078 /* Pods_Survey.framework */ = {isa = PBXFileReference; explicitFileType = wrapper.framework; includeInIndex = 0; path = Pods_Survey.framework; sourceTree = BUILT_PRODUCTS_DIR; };
		B9F10EF77E091104A50DB70C /* Pods-Survey.release.xcconfig */ = {isa = PBXFileReference; includeInIndex = 1; lastKnownFileType = text.xcconfig; name = "Pods-Survey.release.xcconfig"; path = "Target Support Files/Pods-Survey/Pods-Survey.release.xcconfig"; sourceTree = "<group>"; };
		BF3355D116E819D97E90ED71 /* Pods-Survey-SurveyUITests.release.xcconfig */ = {isa = PBXFileReference; includeInIndex = 1; lastKnownFileType = text.xcconfig; name = "Pods-Survey-SurveyUITests.release.xcconfig"; path = "Target Support Files/Pods-Survey-SurveyUITests/Pods-Survey-SurveyUITests.release.xcconfig"; sourceTree = "<group>"; };
		D13F06F8A85BDD8DFB49C404 /* Pods-SurveyTests.release.xcconfig */ = {isa = PBXFileReference; includeInIndex = 1; lastKnownFileType = text.xcconfig; name = "Pods-SurveyTests.release.xcconfig"; path = "Target Support Files/Pods-SurveyTests/Pods-SurveyTests.release.xcconfig"; sourceTree = "<group>"; };
		E34A9C8C1E1293FBE8945813 /* Pods-SurveyTests.debug.xcconfig */ = {isa = PBXFileReference; includeInIndex = 1; lastKnownFileType = text.xcconfig; name = "Pods-SurveyTests.debug.xcconfig"; path = "Target Support Files/Pods-SurveyTests/Pods-SurveyTests.debug.xcconfig"; sourceTree = "<group>"; };
		E8422DED249E2EB3006E49DB /* Survey.app */ = {isa = PBXFileReference; explicitFileType = wrapper.application; includeInIndex = 0; path = Survey.app; sourceTree = BUILT_PRODUCTS_DIR; };
		E8422DF0249E2EB3006E49DB /* AppDelegate.swift */ = {isa = PBXFileReference; lastKnownFileType = sourcecode.swift; path = AppDelegate.swift; sourceTree = "<group>"; };
		E8422DF2249E2EB3006E49DB /* SceneDelegate.swift */ = {isa = PBXFileReference; lastKnownFileType = sourcecode.swift; path = SceneDelegate.swift; sourceTree = "<group>"; };
		E8422DF9249E2EB8006E49DB /* Assets.xcassets */ = {isa = PBXFileReference; lastKnownFileType = folder.assetcatalog; path = Assets.xcassets; sourceTree = "<group>"; };
		E8422DFC249E2EB8006E49DB /* Base */ = {isa = PBXFileReference; lastKnownFileType = file.storyboard; name = Base; path = Base.lproj/LaunchScreen.storyboard; sourceTree = "<group>"; };
		E8422DFE249E2EB8006E49DB /* Info.plist */ = {isa = PBXFileReference; lastKnownFileType = text.plist.xml; path = Info.plist; sourceTree = "<group>"; };
		E8422E03249E2EB9006E49DB /* SurveyTests.xctest */ = {isa = PBXFileReference; explicitFileType = wrapper.cfbundle; includeInIndex = 0; path = SurveyTests.xctest; sourceTree = BUILT_PRODUCTS_DIR; };
		E8422E07249E2EB9006E49DB /* SurveyTests.swift */ = {isa = PBXFileReference; lastKnownFileType = sourcecode.swift; path = SurveyTests.swift; sourceTree = "<group>"; };
		E8422E09249E2EB9006E49DB /* Info.plist */ = {isa = PBXFileReference; lastKnownFileType = text.plist.xml; path = Info.plist; sourceTree = "<group>"; };
		E8422E0E249E2EB9006E49DB /* SurveyUITests.xctest */ = {isa = PBXFileReference; explicitFileType = wrapper.cfbundle; includeInIndex = 0; path = SurveyUITests.xctest; sourceTree = BUILT_PRODUCTS_DIR; };
		E8422E12249E2EB9006E49DB /* SurveyUITests.swift */ = {isa = PBXFileReference; lastKnownFileType = sourcecode.swift; path = SurveyUITests.swift; sourceTree = "<group>"; };
		E8422E14249E2EB9006E49DB /* Info.plist */ = {isa = PBXFileReference; lastKnownFileType = text.plist.xml; path = Info.plist; sourceTree = "<group>"; };
		E8422E2024A099D4006E49DB /* Survey.storyboard */ = {isa = PBXFileReference; lastKnownFileType = file.storyboard; path = Survey.storyboard; sourceTree = "<group>"; };
		E8422E2A24A09DE3006E49DB /* SurveyViewController.swift */ = {isa = PBXFileReference; lastKnownFileType = sourcecode.swift; path = SurveyViewController.swift; sourceTree = "<group>"; };
		E8422E2C24A09E06006E49DB /* SurveyViewModel.swift */ = {isa = PBXFileReference; lastKnownFileType = sourcecode.swift; path = SurveyViewModel.swift; sourceTree = "<group>"; };
		E8422E2F24A0B242006E49DB /* WebserviceHandler.swift */ = {isa = PBXFileReference; lastKnownFileType = sourcecode.swift; path = WebserviceHandler.swift; sourceTree = "<group>"; };
		E8422E3124A0C424006E49DB /* TokenKeychainWrapper.swift */ = {isa = PBXFileReference; lastKnownFileType = sourcecode.swift; path = TokenKeychainWrapper.swift; sourceTree = "<group>"; };
		E8422E3324A0C6A1006E49DB /* StringConstants.swift */ = {isa = PBXFileReference; lastKnownFileType = sourcecode.swift; path = StringConstants.swift; sourceTree = "<group>"; };
		E8422E3524A0DA0C006E49DB /* WebServiceUrls.swift */ = {isa = PBXFileReference; lastKnownFileType = sourcecode.swift; path = WebServiceUrls.swift; sourceTree = "<group>"; };
		E8422E3724A0DBF9006E49DB /* NetworkManager.swift */ = {isa = PBXFileReference; lastKnownFileType = sourcecode.swift; path = NetworkManager.swift; sourceTree = "<group>"; };
		E8422E3924A0EC3E006E49DB /* AuthenticationTokenViewModel.swift */ = {isa = PBXFileReference; lastKnownFileType = sourcecode.swift; path = AuthenticationTokenViewModel.swift; sourceTree = "<group>"; };
		E8422E3B24A2363D006E49DB /* BaseViewController.swift */ = {isa = PBXFileReference; lastKnownFileType = sourcecode.swift; path = BaseViewController.swift; sourceTree = "<group>"; };
		E8422E4024A3256E006E49DB /* AuthenticationTokenModel.swift */ = {isa = PBXFileReference; lastKnownFileType = sourcecode.swift; path = AuthenticationTokenModel.swift; sourceTree = "<group>"; };
/* End PBXFileReference section */

/* Begin PBXFrameworksBuildPhase section */
		E8422DEA249E2EB3006E49DB /* Frameworks */ = {
			isa = PBXFrameworksBuildPhase;
			buildActionMask = 2147483647;
			files = (
				644F34F13B6C72A0549687AD /* Pods_Survey.framework in Frameworks */,
			);
			runOnlyForDeploymentPostprocessing = 0;
		};
		E8422E00249E2EB9006E49DB /* Frameworks */ = {
			isa = PBXFrameworksBuildPhase;
			buildActionMask = 2147483647;
			files = (
				8C5B33215009378D9F0E4603 /* Pods_SurveyTests.framework in Frameworks */,
			);
			runOnlyForDeploymentPostprocessing = 0;
		};
		E8422E0B249E2EB9006E49DB /* Frameworks */ = {
			isa = PBXFrameworksBuildPhase;
			buildActionMask = 2147483647;
			files = (
				9D17FF589C9EE924DE922F2D /* Pods_Survey_SurveyUITests.framework in Frameworks */,
			);
			runOnlyForDeploymentPostprocessing = 0;
		};
/* End PBXFrameworksBuildPhase section */

/* Begin PBXGroup section */
		8AC1B060117E49604655F3BF /* Pods */ = {
			isa = PBXGroup;
			children = (
				47C99E793C5D92CB6F946362 /* Pods-Survey.debug.xcconfig */,
				B9F10EF77E091104A50DB70C /* Pods-Survey.release.xcconfig */,
				25FDFF87E9C05F5DCD99B422 /* Pods-Survey-SurveyUITests.debug.xcconfig */,
				BF3355D116E819D97E90ED71 /* Pods-Survey-SurveyUITests.release.xcconfig */,
				E34A9C8C1E1293FBE8945813 /* Pods-SurveyTests.debug.xcconfig */,
				D13F06F8A85BDD8DFB49C404 /* Pods-SurveyTests.release.xcconfig */,
			);
			path = Pods;
			sourceTree = "<group>";
		};
		E8422DE4249E2EB3006E49DB = {
			isa = PBXGroup;
			children = (
				E8422DEF249E2EB3006E49DB /* Survey */,
				E8422E06249E2EB9006E49DB /* SurveyTests */,
				E8422E11249E2EB9006E49DB /* SurveyUITests */,
				E8422DEE249E2EB3006E49DB /* Products */,
				8AC1B060117E49604655F3BF /* Pods */,
				FAD2A4681685F3A10F14626B /* Frameworks */,
			);
			sourceTree = "<group>";
		};
		E8422DEE249E2EB3006E49DB /* Products */ = {
			isa = PBXGroup;
			children = (
				E8422DED249E2EB3006E49DB /* Survey.app */,
				E8422E03249E2EB9006E49DB /* SurveyTests.xctest */,
				E8422E0E249E2EB9006E49DB /* SurveyUITests.xctest */,
			);
			name = Products;
			sourceTree = "<group>";
		};
		E8422DEF249E2EB3006E49DB /* Survey */ = {
			isa = PBXGroup;
			children = (
				E8422DF0249E2EB3006E49DB /* AppDelegate.swift */,
				E8422DF2249E2EB3006E49DB /* SceneDelegate.swift */,
				E8422E2224A099E9006E49DB /* SurveyModule */,
				E8422E2E24A0A73F006E49DB /* CommanFiles */,
				E8422DF9249E2EB8006E49DB /* Assets.xcassets */,
				E8422DFB249E2EB8006E49DB /* LaunchScreen.storyboard */,
				E8422DFE249E2EB8006E49DB /* Info.plist */,
			);
			path = Survey;
			sourceTree = "<group>";
		};
		E8422E06249E2EB9006E49DB /* SurveyTests */ = {
			isa = PBXGroup;
			children = (
				E8422E07249E2EB9006E49DB /* SurveyTests.swift */,
				E8422E09249E2EB9006E49DB /* Info.plist */,
			);
			path = SurveyTests;
			sourceTree = "<group>";
		};
		E8422E11249E2EB9006E49DB /* SurveyUITests */ = {
			isa = PBXGroup;
			children = (
				E8422E12249E2EB9006E49DB /* SurveyUITests.swift */,
				E8422E14249E2EB9006E49DB /* Info.plist */,
			);
			path = SurveyUITests;
			sourceTree = "<group>";
		};
		E8422E2224A099E9006E49DB /* SurveyModule */ = {
			isa = PBXGroup;
			children = (
				E8422E2724A09A27006E49DB /* Storyboard */,
				E8422E2624A09A1D006E49DB /* ViewController */,
				E8422E2524A09A07006E49DB /* ViewModel */,
				E8422E2424A099FE006E49DB /* Views */,
				E8422E2324A099F5006E49DB /* Model */,
			);
			path = SurveyModule;
			sourceTree = "<group>";
		};
		E8422E2324A099F5006E49DB /* Model */ = {
			isa = PBXGroup;
			children = (
			);
			path = Model;
			sourceTree = "<group>";
		};
		E8422E2424A099FE006E49DB /* Views */ = {
			isa = PBXGroup;
			children = (
			);
			path = Views;
			sourceTree = "<group>";
		};
		E8422E2524A09A07006E49DB /* ViewModel */ = {
			isa = PBXGroup;
			children = (
				E8422E2C24A09E06006E49DB /* SurveyViewModel.swift */,
			);
			path = ViewModel;
			sourceTree = "<group>";
		};
		E8422E2624A09A1D006E49DB /* ViewController */ = {
			isa = PBXGroup;
			children = (
				E8422E2A24A09DE3006E49DB /* SurveyViewController.swift */,
			);
			path = ViewController;
			sourceTree = "<group>";
		};
		E8422E2724A09A27006E49DB /* Storyboard */ = {
			isa = PBXGroup;
			children = (
				E8422E2024A099D4006E49DB /* Survey.storyboard */,
			);
			path = Storyboard;
			sourceTree = "<group>";
		};
		E8422E2E24A0A73F006E49DB /* CommanFiles */ = {
			isa = PBXGroup;
			children = (
				E8422E3F24A32541006E49DB /* AuthenticationToken */,
				E8422E2F24A0B242006E49DB /* WebserviceHandler.swift */,
				E8422E3124A0C424006E49DB /* TokenKeychainWrapper.swift */,
				E8422E3324A0C6A1006E49DB /* StringConstants.swift */,
				E8422E3524A0DA0C006E49DB /* WebServiceUrls.swift */,
				E8422E3724A0DBF9006E49DB /* NetworkManager.swift */,
				E8422E3B24A2363D006E49DB /* BaseViewController.swift */,
			);
			path = CommanFiles;
			sourceTree = "<group>";
		};
		E8422E3F24A32541006E49DB /* AuthenticationToken */ = {
			isa = PBXGroup;
			children = (
				E8422E3924A0EC3E006E49DB /* AuthenticationTokenViewModel.swift */,
				E8422E4024A3256E006E49DB /* AuthenticationTokenModel.swift */,
			);
			path = AuthenticationToken;
			sourceTree = "<group>";
		};
		FAD2A4681685F3A10F14626B /* Frameworks */ = {
			isa = PBXGroup;
			children = (
				B349AD47D666DC5F36E8B078 /* Pods_Survey.framework */,
				17A57AB871BF51DB6E84B3D7 /* Pods_Survey_SurveyUITests.framework */,
				244757FAF21625B61E9663FC /* Pods_SurveyTests.framework */,
			);
			name = Frameworks;
			sourceTree = "<group>";
		};
/* End PBXGroup section */

/* Begin PBXNativeTarget section */
		E8422DEC249E2EB3006E49DB /* Survey */ = {
			isa = PBXNativeTarget;
			buildConfigurationList = E8422E17249E2EB9006E49DB /* Build configuration list for PBXNativeTarget "Survey" */;
			buildPhases = (
				B36D879257D9C013D8866201 /* [CP] Check Pods Manifest.lock */,
				E8422DE9249E2EB3006E49DB /* Sources */,
				E8422DEA249E2EB3006E49DB /* Frameworks */,
				E8422DEB249E2EB3006E49DB /* Resources */,
				1EAE0B09C90FB790A1E2A430 /* [CP] Embed Pods Frameworks */,
			);
			buildRules = (
			);
			dependencies = (
			);
			name = Survey;
			productName = Survey;
			productReference = E8422DED249E2EB3006E49DB /* Survey.app */;
			productType = "com.apple.product-type.application";
		};
		E8422E02249E2EB9006E49DB /* SurveyTests */ = {
			isa = PBXNativeTarget;
			buildConfigurationList = E8422E1A249E2EB9006E49DB /* Build configuration list for PBXNativeTarget "SurveyTests" */;
			buildPhases = (
				EAA32B3EF018011FFBC8AB80 /* [CP] Check Pods Manifest.lock */,
				E8422DFF249E2EB9006E49DB /* Sources */,
				E8422E00249E2EB9006E49DB /* Frameworks */,
				E8422E01249E2EB9006E49DB /* Resources */,
			);
			buildRules = (
			);
			dependencies = (
				E8422E05249E2EB9006E49DB /* PBXTargetDependency */,
			);
			name = SurveyTests;
			productName = SurveyTests;
			productReference = E8422E03249E2EB9006E49DB /* SurveyTests.xctest */;
			productType = "com.apple.product-type.bundle.unit-test";
		};
		E8422E0D249E2EB9006E49DB /* SurveyUITests */ = {
			isa = PBXNativeTarget;
			buildConfigurationList = E8422E1D249E2EB9006E49DB /* Build configuration list for PBXNativeTarget "SurveyUITests" */;
			buildPhases = (
				DDF4185D8073F2D018977A72 /* [CP] Check Pods Manifest.lock */,
				E8422E0A249E2EB9006E49DB /* Sources */,
				E8422E0B249E2EB9006E49DB /* Frameworks */,
				E8422E0C249E2EB9006E49DB /* Resources */,
				ED9EA0842B4DD85A93B09AC5 /* [CP] Embed Pods Frameworks */,
			);
			buildRules = (
			);
			dependencies = (
				E8422E10249E2EB9006E49DB /* PBXTargetDependency */,
			);
			name = SurveyUITests;
			productName = SurveyUITests;
			productReference = E8422E0E249E2EB9006E49DB /* SurveyUITests.xctest */;
			productType = "com.apple.product-type.bundle.ui-testing";
		};
/* End PBXNativeTarget section */

/* Begin PBXProject section */
		E8422DE5249E2EB3006E49DB /* Project object */ = {
			isa = PBXProject;
			attributes = {
				LastSwiftUpdateCheck = 1150;
				LastUpgradeCheck = 1150;
				ORGANIZATIONNAME = Palvi;
				TargetAttributes = {
					E8422DEC249E2EB3006E49DB = {
						CreatedOnToolsVersion = 11.5;
					};
					E8422E02249E2EB9006E49DB = {
						CreatedOnToolsVersion = 11.5;
						TestTargetID = E8422DEC249E2EB3006E49DB;
					};
					E8422E0D249E2EB9006E49DB = {
						CreatedOnToolsVersion = 11.5;
						TestTargetID = E8422DEC249E2EB3006E49DB;
					};
				};
			};
			buildConfigurationList = E8422DE8249E2EB3006E49DB /* Build configuration list for PBXProject "Survey" */;
			compatibilityVersion = "Xcode 9.3";
			developmentRegion = en;
			hasScannedForEncodings = 0;
			knownRegions = (
				en,
				Base,
			);
			mainGroup = E8422DE4249E2EB3006E49DB;
			productRefGroup = E8422DEE249E2EB3006E49DB /* Products */;
			projectDirPath = "";
			projectRoot = "";
			targets = (
				E8422DEC249E2EB3006E49DB /* Survey */,
				E8422E02249E2EB9006E49DB /* SurveyTests */,
				E8422E0D249E2EB9006E49DB /* SurveyUITests */,
			);
		};
/* End PBXProject section */

/* Begin PBXResourcesBuildPhase section */
		E8422DEB249E2EB3006E49DB /* Resources */ = {
			isa = PBXResourcesBuildPhase;
			buildActionMask = 2147483647;
			files = (
				E8422DFD249E2EB8006E49DB /* LaunchScreen.storyboard in Resources */,
				E8422DFA249E2EB8006E49DB /* Assets.xcassets in Resources */,
				E8422E2124A099D4006E49DB /* Survey.storyboard in Resources */,
			);
			runOnlyForDeploymentPostprocessing = 0;
		};
		E8422E01249E2EB9006E49DB /* Resources */ = {
			isa = PBXResourcesBuildPhase;
			buildActionMask = 2147483647;
			files = (
			);
			runOnlyForDeploymentPostprocessing = 0;
		};
		E8422E0C249E2EB9006E49DB /* Resources */ = {
			isa = PBXResourcesBuildPhase;
			buildActionMask = 2147483647;
			files = (
			);
			runOnlyForDeploymentPostprocessing = 0;
		};
/* End PBXResourcesBuildPhase section */

/* Begin PBXShellScriptBuildPhase section */
		1EAE0B09C90FB790A1E2A430 /* [CP] Embed Pods Frameworks */ = {
			isa = PBXShellScriptBuildPhase;
			buildActionMask = 2147483647;
			files = (
			);
			inputFileListPaths = (
				"${PODS_ROOT}/Target Support Files/Pods-Survey/Pods-Survey-frameworks-${CONFIGURATION}-input-files.xcfilelist",
			);
			name = "[CP] Embed Pods Frameworks";
			outputFileListPaths = (
				"${PODS_ROOT}/Target Support Files/Pods-Survey/Pods-Survey-frameworks-${CONFIGURATION}-output-files.xcfilelist",
			);
			runOnlyForDeploymentPostprocessing = 0;
			shellPath = /bin/sh;
			shellScript = "\"${PODS_ROOT}/Target Support Files/Pods-Survey/Pods-Survey-frameworks.sh\"\n";
			showEnvVarsInLog = 0;
		};
		B36D879257D9C013D8866201 /* [CP] Check Pods Manifest.lock */ = {
			isa = PBXShellScriptBuildPhase;
			buildActionMask = 2147483647;
			files = (
			);
			inputFileListPaths = (
			);
			inputPaths = (
				"${PODS_PODFILE_DIR_PATH}/Podfile.lock",
				"${PODS_ROOT}/Manifest.lock",
			);
			name = "[CP] Check Pods Manifest.lock";
			outputFileListPaths = (
			);
			outputPaths = (
				"$(DERIVED_FILE_DIR)/Pods-Survey-checkManifestLockResult.txt",
			);
			runOnlyForDeploymentPostprocessing = 0;
			shellPath = /bin/sh;
			shellScript = "diff \"${PODS_PODFILE_DIR_PATH}/Podfile.lock\" \"${PODS_ROOT}/Manifest.lock\" > /dev/null\nif [ $? != 0 ] ; then\n    # print error to STDERR\n    echo \"error: The sandbox is not in sync with the Podfile.lock. Run 'pod install' or update your CocoaPods installation.\" >&2\n    exit 1\nfi\n# This output is used by Xcode 'outputs' to avoid re-running this script phase.\necho \"SUCCESS\" > \"${SCRIPT_OUTPUT_FILE_0}\"\n";
			showEnvVarsInLog = 0;
		};
		DDF4185D8073F2D018977A72 /* [CP] Check Pods Manifest.lock */ = {
			isa = PBXShellScriptBuildPhase;
			buildActionMask = 2147483647;
			files = (
			);
			inputFileListPaths = (
			);
			inputPaths = (
				"${PODS_PODFILE_DIR_PATH}/Podfile.lock",
				"${PODS_ROOT}/Manifest.lock",
			);
			name = "[CP] Check Pods Manifest.lock";
			outputFileListPaths = (
			);
			outputPaths = (
				"$(DERIVED_FILE_DIR)/Pods-Survey-SurveyUITests-checkManifestLockResult.txt",
			);
			runOnlyForDeploymentPostprocessing = 0;
			shellPath = /bin/sh;
			shellScript = "diff \"${PODS_PODFILE_DIR_PATH}/Podfile.lock\" \"${PODS_ROOT}/Manifest.lock\" > /dev/null\nif [ $? != 0 ] ; then\n    # print error to STDERR\n    echo \"error: The sandbox is not in sync with the Podfile.lock. Run 'pod install' or update your CocoaPods installation.\" >&2\n    exit 1\nfi\n# This output is used by Xcode 'outputs' to avoid re-running this script phase.\necho \"SUCCESS\" > \"${SCRIPT_OUTPUT_FILE_0}\"\n";
			showEnvVarsInLog = 0;
		};
		EAA32B3EF018011FFBC8AB80 /* [CP] Check Pods Manifest.lock */ = {
			isa = PBXShellScriptBuildPhase;
			buildActionMask = 2147483647;
			files = (
			);
			inputFileListPaths = (
			);
			inputPaths = (
				"${PODS_PODFILE_DIR_PATH}/Podfile.lock",
				"${PODS_ROOT}/Manifest.lock",
			);
			name = "[CP] Check Pods Manifest.lock";
			outputFileListPaths = (
			);
			outputPaths = (
				"$(DERIVED_FILE_DIR)/Pods-SurveyTests-checkManifestLockResult.txt",
			);
			runOnlyForDeploymentPostprocessing = 0;
			shellPath = /bin/sh;
			shellScript = "diff \"${PODS_PODFILE_DIR_PATH}/Podfile.lock\" \"${PODS_ROOT}/Manifest.lock\" > /dev/null\nif [ $? != 0 ] ; then\n    # print error to STDERR\n    echo \"error: The sandbox is not in sync with the Podfile.lock. Run 'pod install' or update your CocoaPods installation.\" >&2\n    exit 1\nfi\n# This output is used by Xcode 'outputs' to avoid re-running this script phase.\necho \"SUCCESS\" > \"${SCRIPT_OUTPUT_FILE_0}\"\n";
			showEnvVarsInLog = 0;
		};
		ED9EA0842B4DD85A93B09AC5 /* [CP] Embed Pods Frameworks */ = {
			isa = PBXShellScriptBuildPhase;
			buildActionMask = 2147483647;
			files = (
			);
			inputFileListPaths = (
				"${PODS_ROOT}/Target Support Files/Pods-Survey-SurveyUITests/Pods-Survey-SurveyUITests-frameworks-${CONFIGURATION}-input-files.xcfilelist",
			);
			name = "[CP] Embed Pods Frameworks";
			outputFileListPaths = (
				"${PODS_ROOT}/Target Support Files/Pods-Survey-SurveyUITests/Pods-Survey-SurveyUITests-frameworks-${CONFIGURATION}-output-files.xcfilelist",
			);
			runOnlyForDeploymentPostprocessing = 0;
			shellPath = /bin/sh;
			shellScript = "\"${PODS_ROOT}/Target Support Files/Pods-Survey-SurveyUITests/Pods-Survey-SurveyUITests-frameworks.sh\"\n";
			showEnvVarsInLog = 0;
		};
/* End PBXShellScriptBuildPhase section */

/* Begin PBXSourcesBuildPhase section */
		E8422DE9249E2EB3006E49DB /* Sources */ = {
			isa = PBXSourcesBuildPhase;
			buildActionMask = 2147483647;
			files = (
				E8422E3824A0DBF9006E49DB /* NetworkManager.swift in Sources */,
				E8422DF1249E2EB3006E49DB /* AppDelegate.swift in Sources */,
				E8422E3C24A2363D006E49DB /* BaseViewController.swift in Sources */,
				E8422E4124A3256E006E49DB /* AuthenticationTokenModel.swift in Sources */,
				E8422E2B24A09DE3006E49DB /* SurveyViewController.swift in Sources */,
				E8422E3224A0C424006E49DB /* TokenKeychainWrapper.swift in Sources */,
				E8422E3424A0C6A1006E49DB /* StringConstants.swift in Sources */,
				E8422E3624A0DA0C006E49DB /* WebServiceUrls.swift in Sources */,
				E8422E2D24A09E06006E49DB /* SurveyViewModel.swift in Sources */,
				E8422E3024A0B242006E49DB /* WebserviceHandler.swift in Sources */,
				E8422E3A24A0EC3E006E49DB /* AuthenticationTokenViewModel.swift in Sources */,
				E8422DF3249E2EB3006E49DB /* SceneDelegate.swift in Sources */,
			);
			runOnlyForDeploymentPostprocessing = 0;
		};
		E8422DFF249E2EB9006E49DB /* Sources */ = {
			isa = PBXSourcesBuildPhase;
			buildActionMask = 2147483647;
			files = (
				E8422E08249E2EB9006E49DB /* SurveyTests.swift in Sources */,
			);
			runOnlyForDeploymentPostprocessing = 0;
		};
		E8422E0A249E2EB9006E49DB /* Sources */ = {
			isa = PBXSourcesBuildPhase;
			buildActionMask = 2147483647;
			files = (
				E8422E13249E2EB9006E49DB /* SurveyUITests.swift in Sources */,
			);
			runOnlyForDeploymentPostprocessing = 0;
		};
/* End PBXSourcesBuildPhase section */

/* Begin PBXTargetDependency section */
		E8422E05249E2EB9006E49DB /* PBXTargetDependency */ = {
			isa = PBXTargetDependency;
			target = E8422DEC249E2EB3006E49DB /* Survey */;
			targetProxy = E8422E04249E2EB9006E49DB /* PBXContainerItemProxy */;
		};
		E8422E10249E2EB9006E49DB /* PBXTargetDependency */ = {
			isa = PBXTargetDependency;
			target = E8422DEC249E2EB3006E49DB /* Survey */;
			targetProxy = E8422E0F249E2EB9006E49DB /* PBXContainerItemProxy */;
		};
/* End PBXTargetDependency section */

/* Begin PBXVariantGroup section */
		E8422DFB249E2EB8006E49DB /* LaunchScreen.storyboard */ = {
			isa = PBXVariantGroup;
			children = (
				E8422DFC249E2EB8006E49DB /* Base */,
			);
			name = LaunchScreen.storyboard;
			sourceTree = "<group>";
		};
/* End PBXVariantGroup section */

/* Begin XCBuildConfiguration section */
		E8422E15249E2EB9006E49DB /* Debug */ = {
			isa = XCBuildConfiguration;
			buildSettings = {
				ALWAYS_SEARCH_USER_PATHS = NO;
				CLANG_ANALYZER_NONNULL = YES;
				CLANG_ANALYZER_NUMBER_OBJECT_CONVERSION = YES_AGGRESSIVE;
				CLANG_CXX_LANGUAGE_STANDARD = "gnu++14";
				CLANG_CXX_LIBRARY = "libc++";
				CLANG_ENABLE_MODULES = YES;
				CLANG_ENABLE_OBJC_ARC = YES;
				CLANG_ENABLE_OBJC_WEAK = YES;
				CLANG_WARN_BLOCK_CAPTURE_AUTORELEASING = YES;
				CLANG_WARN_BOOL_CONVERSION = YES;
				CLANG_WARN_COMMA = YES;
				CLANG_WARN_CONSTANT_CONVERSION = YES;
				CLANG_WARN_DEPRECATED_OBJC_IMPLEMENTATIONS = YES;
				CLANG_WARN_DIRECT_OBJC_ISA_USAGE = YES_ERROR;
				CLANG_WARN_DOCUMENTATION_COMMENTS = YES;
				CLANG_WARN_EMPTY_BODY = YES;
				CLANG_WARN_ENUM_CONVERSION = YES;
				CLANG_WARN_INFINITE_RECURSION = YES;
				CLANG_WARN_INT_CONVERSION = YES;
				CLANG_WARN_NON_LITERAL_NULL_CONVERSION = YES;
				CLANG_WARN_OBJC_IMPLICIT_RETAIN_SELF = YES;
				CLANG_WARN_OBJC_LITERAL_CONVERSION = YES;
				CLANG_WARN_OBJC_ROOT_CLASS = YES_ERROR;
				CLANG_WARN_RANGE_LOOP_ANALYSIS = YES;
				CLANG_WARN_STRICT_PROTOTYPES = YES;
				CLANG_WARN_SUSPICIOUS_MOVE = YES;
				CLANG_WARN_UNGUARDED_AVAILABILITY = YES_AGGRESSIVE;
				CLANG_WARN_UNREACHABLE_CODE = YES;
				CLANG_WARN__DUPLICATE_METHOD_MATCH = YES;
				COPY_PHASE_STRIP = NO;
				DEBUG_INFORMATION_FORMAT = dwarf;
				ENABLE_STRICT_OBJC_MSGSEND = YES;
				ENABLE_TESTABILITY = YES;
				GCC_C_LANGUAGE_STANDARD = gnu11;
				GCC_DYNAMIC_NO_PIC = NO;
				GCC_NO_COMMON_BLOCKS = YES;
				GCC_OPTIMIZATION_LEVEL = 0;
				GCC_PREPROCESSOR_DEFINITIONS = (
					"DEBUG=1",
					"$(inherited)",
				);
				GCC_WARN_64_TO_32_BIT_CONVERSION = YES;
				GCC_WARN_ABOUT_RETURN_TYPE = YES_ERROR;
				GCC_WARN_UNDECLARED_SELECTOR = YES;
				GCC_WARN_UNINITIALIZED_AUTOS = YES_AGGRESSIVE;
				GCC_WARN_UNUSED_FUNCTION = YES;
				GCC_WARN_UNUSED_VARIABLE = YES;
				IPHONEOS_DEPLOYMENT_TARGET = 13.5;
				MTL_ENABLE_DEBUG_INFO = INCLUDE_SOURCE;
				MTL_FAST_MATH = YES;
				ONLY_ACTIVE_ARCH = YES;
				SDKROOT = iphoneos;
				SWIFT_ACTIVE_COMPILATION_CONDITIONS = DEBUG;
				SWIFT_OPTIMIZATION_LEVEL = "-Onone";
			};
			name = Debug;
		};
		E8422E16249E2EB9006E49DB /* Release */ = {
			isa = XCBuildConfiguration;
			buildSettings = {
				ALWAYS_SEARCH_USER_PATHS = NO;
				CLANG_ANALYZER_NONNULL = YES;
				CLANG_ANALYZER_NUMBER_OBJECT_CONVERSION = YES_AGGRESSIVE;
				CLANG_CXX_LANGUAGE_STANDARD = "gnu++14";
				CLANG_CXX_LIBRARY = "libc++";
				CLANG_ENABLE_MODULES = YES;
				CLANG_ENABLE_OBJC_ARC = YES;
				CLANG_ENABLE_OBJC_WEAK = YES;
				CLANG_WARN_BLOCK_CAPTURE_AUTORELEASING = YES;
				CLANG_WARN_BOOL_CONVERSION = YES;
				CLANG_WARN_COMMA = YES;
				CLANG_WARN_CONSTANT_CONVERSION = YES;
				CLANG_WARN_DEPRECATED_OBJC_IMPLEMENTATIONS = YES;
				CLANG_WARN_DIRECT_OBJC_ISA_USAGE = YES_ERROR;
				CLANG_WARN_DOCUMENTATION_COMMENTS = YES;
				CLANG_WARN_EMPTY_BODY = YES;
				CLANG_WARN_ENUM_CONVERSION = YES;
				CLANG_WARN_INFINITE_RECURSION = YES;
				CLANG_WARN_INT_CONVERSION = YES;
				CLANG_WARN_NON_LITERAL_NULL_CONVERSION = YES;
				CLANG_WARN_OBJC_IMPLICIT_RETAIN_SELF = YES;
				CLANG_WARN_OBJC_LITERAL_CONVERSION = YES;
				CLANG_WARN_OBJC_ROOT_CLASS = YES_ERROR;
				CLANG_WARN_RANGE_LOOP_ANALYSIS = YES;
				CLANG_WARN_STRICT_PROTOTYPES = YES;
				CLANG_WARN_SUSPICIOUS_MOVE = YES;
				CLANG_WARN_UNGUARDED_AVAILABILITY = YES_AGGRESSIVE;
				CLANG_WARN_UNREACHABLE_CODE = YES;
				CLANG_WARN__DUPLICATE_METHOD_MATCH = YES;
				COPY_PHASE_STRIP = NO;
				DEBUG_INFORMATION_FORMAT = "dwarf-with-dsym";
				ENABLE_NS_ASSERTIONS = NO;
				ENABLE_STRICT_OBJC_MSGSEND = YES;
				GCC_C_LANGUAGE_STANDARD = gnu11;
				GCC_NO_COMMON_BLOCKS = YES;
				GCC_WARN_64_TO_32_BIT_CONVERSION = YES;
				GCC_WARN_ABOUT_RETURN_TYPE = YES_ERROR;
				GCC_WARN_UNDECLARED_SELECTOR = YES;
				GCC_WARN_UNINITIALIZED_AUTOS = YES_AGGRESSIVE;
				GCC_WARN_UNUSED_FUNCTION = YES;
				GCC_WARN_UNUSED_VARIABLE = YES;
				IPHONEOS_DEPLOYMENT_TARGET = 13.5;
				MTL_ENABLE_DEBUG_INFO = NO;
				MTL_FAST_MATH = YES;
				SDKROOT = iphoneos;
				SWIFT_COMPILATION_MODE = wholemodule;
				SWIFT_OPTIMIZATION_LEVEL = "-O";
				VALIDATE_PRODUCT = YES;
			};
			name = Release;
		};
		E8422E18249E2EB9006E49DB /* Debug */ = {
			isa = XCBuildConfiguration;
			baseConfigurationReference = 47C99E793C5D92CB6F946362 /* Pods-Survey.debug.xcconfig */;
			buildSettings = {
				ASSETCATALOG_COMPILER_APPICON_NAME = AppIcon;
				CODE_SIGN_STYLE = Automatic;
				INFOPLIST_FILE = Survey/Info.plist;
				IPHONEOS_DEPLOYMENT_TARGET = 10.0;
				LD_RUNPATH_SEARCH_PATHS = (
					"$(inherited)",
					"@executable_path/Frameworks",
				);
				PRODUCT_BUNDLE_IDENTIFIER = com.palvi.Survey;
				PRODUCT_NAME = "$(TARGET_NAME)";
				SWIFT_VERSION = 5.0;
				TARGETED_DEVICE_FAMILY = 1;
			};
			name = Debug;
		};
		E8422E19249E2EB9006E49DB /* Release */ = {
			isa = XCBuildConfiguration;
			baseConfigurationReference = B9F10EF77E091104A50DB70C /* Pods-Survey.release.xcconfig */;
			buildSettings = {
				ASSETCATALOG_COMPILER_APPICON_NAME = AppIcon;
				CODE_SIGN_STYLE = Automatic;
				INFOPLIST_FILE = Survey/Info.plist;
				IPHONEOS_DEPLOYMENT_TARGET = 10.0;
				LD_RUNPATH_SEARCH_PATHS = (
					"$(inherited)",
					"@executable_path/Frameworks",
				);
				PRODUCT_BUNDLE_IDENTIFIER = com.palvi.Survey;
				PRODUCT_NAME = "$(TARGET_NAME)";
				SWIFT_VERSION = 5.0;
				TARGETED_DEVICE_FAMILY = 1;
			};
			name = Release;
		};
		E8422E1B249E2EB9006E49DB /* Debug */ = {
			isa = XCBuildConfiguration;
			baseConfigurationReference = E34A9C8C1E1293FBE8945813 /* Pods-SurveyTests.debug.xcconfig */;
			buildSettings = {
				ALWAYS_EMBED_SWIFT_STANDARD_LIBRARIES = YES;
				BUNDLE_LOADER = "$(TEST_HOST)";
				CODE_SIGN_STYLE = Automatic;
				INFOPLIST_FILE = SurveyTests/Info.plist;
				IPHONEOS_DEPLOYMENT_TARGET = 13.5;
				LD_RUNPATH_SEARCH_PATHS = (
					"$(inherited)",
					"@executable_path/Frameworks",
					"@loader_path/Frameworks",
				);
				PRODUCT_BUNDLE_IDENTIFIER = com.palvi.SurveyTests;
				PRODUCT_NAME = "$(TARGET_NAME)";
				SWIFT_VERSION = 5.0;
				TARGETED_DEVICE_FAMILY = "1,2";
				TEST_HOST = "$(BUILT_PRODUCTS_DIR)/Survey.app/Survey";
			};
			name = Debug;
		};
		E8422E1C249E2EB9006E49DB /* Release */ = {
			isa = XCBuildConfiguration;
			baseConfigurationReference = D13F06F8A85BDD8DFB49C404 /* Pods-SurveyTests.release.xcconfig */;
			buildSettings = {
				ALWAYS_EMBED_SWIFT_STANDARD_LIBRARIES = YES;
				BUNDLE_LOADER = "$(TEST_HOST)";
				CODE_SIGN_STYLE = Automatic;
				INFOPLIST_FILE = SurveyTests/Info.plist;
				IPHONEOS_DEPLOYMENT_TARGET = 13.5;
				LD_RUNPATH_SEARCH_PATHS = (
					"$(inherited)",
					"@executable_path/Frameworks",
					"@loader_path/Frameworks",
				);
				PRODUCT_BUNDLE_IDENTIFIER = com.palvi.SurveyTests;
				PRODUCT_NAME = "$(TARGET_NAME)";
				SWIFT_VERSION = 5.0;
				TARGETED_DEVICE_FAMILY = "1,2";
				TEST_HOST = "$(BUILT_PRODUCTS_DIR)/Survey.app/Survey";
			};
			name = Release;
		};
		E8422E1E249E2EB9006E49DB /* Debug */ = {
			isa = XCBuildConfiguration;
			baseConfigurationReference = 25FDFF87E9C05F5DCD99B422 /* Pods-Survey-SurveyUITests.debug.xcconfig */;
			buildSettings = {
				ALWAYS_EMBED_SWIFT_STANDARD_LIBRARIES = YES;
				CODE_SIGN_STYLE = Automatic;
				INFOPLIST_FILE = SurveyUITests/Info.plist;
				LD_RUNPATH_SEARCH_PATHS = (
					"$(inherited)",
					"@executable_path/Frameworks",
					"@loader_path/Frameworks",
				);
				PRODUCT_BUNDLE_IDENTIFIER = com.palvi.SurveyUITests;
				PRODUCT_NAME = "$(TARGET_NAME)";
				SWIFT_VERSION = 5.0;
				TARGETED_DEVICE_FAMILY = "1,2";
				TEST_TARGET_NAME = Survey;
			};
			name = Debug;
		};
		E8422E1F249E2EB9006E49DB /* Release */ = {
			isa = XCBuildConfiguration;
			baseConfigurationReference = BF3355D116E819D97E90ED71 /* Pods-Survey-SurveyUITests.release.xcconfig */;
			buildSettings = {
				ALWAYS_EMBED_SWIFT_STANDARD_LIBRARIES = YES;
				CODE_SIGN_STYLE = Automatic;
				INFOPLIST_FILE = SurveyUITests/Info.plist;
				LD_RUNPATH_SEARCH_PATHS = (
					"$(inherited)",
					"@executable_path/Frameworks",
					"@loader_path/Frameworks",
				);
				PRODUCT_BUNDLE_IDENTIFIER = com.palvi.SurveyUITests;
				PRODUCT_NAME = "$(TARGET_NAME)";
				SWIFT_VERSION = 5.0;
				TARGETED_DEVICE_FAMILY = "1,2";
				TEST_TARGET_NAME = Survey;
			};
			name = Release;
		};
/* End XCBuildConfiguration section */

/* Begin XCConfigurationList section */
		E8422DE8249E2EB3006E49DB /* Build configuration list for PBXProject "Survey" */ = {
			isa = XCConfigurationList;
			buildConfigurations = (
				E8422E15249E2EB9006E49DB /* Debug */,
				E8422E16249E2EB9006E49DB /* Release */,
			);
			defaultConfigurationIsVisible = 0;
			defaultConfigurationName = Release;
		};
		E8422E17249E2EB9006E49DB /* Build configuration list for PBXNativeTarget "Survey" */ = {
			isa = XCConfigurationList;
			buildConfigurations = (
				E8422E18249E2EB9006E49DB /* Debug */,
				E8422E19249E2EB9006E49DB /* Release */,
			);
			defaultConfigurationIsVisible = 0;
			defaultConfigurationName = Release;
		};
		E8422E1A249E2EB9006E49DB /* Build configuration list for PBXNativeTarget "SurveyTests" */ = {
			isa = XCConfigurationList;
			buildConfigurations = (
				E8422E1B249E2EB9006E49DB /* Debug */,
				E8422E1C249E2EB9006E49DB /* Release */,
			);
			defaultConfigurationIsVisible = 0;
			defaultConfigurationName = Release;
		};
		E8422E1D249E2EB9006E49DB /* Build configuration list for PBXNativeTarget "SurveyUITests" */ = {
			isa = XCConfigurationList;
			buildConfigurations = (
				E8422E1E249E2EB9006E49DB /* Debug */,
				E8422E1F249E2EB9006E49DB /* Release */,
			);
			defaultConfigurationIsVisible = 0;
			defaultConfigurationName = Release;
		};
/* End XCConfigurationList section */
	};
	rootObject = E8422DE5249E2EB3006E49DB /* Project object */;
}
